# This file is autogenerated, do not edit; changes may be undone by the next 'dep ensure'.


[[projects]]
  digest = "1:7b5c6e2eeaa9ae5907c391a91c132abfd5c9e8a784a341b5625e750c67e6825d"
  name = "github.com/gorilla/websocket"
  packages = ["."]
  pruneopts = "UT"
  revision = "66b9c49e59c6c48f0ffce28c2d8b8a5678502c6d"
  version = "v1.4.0"

[[projects]]
  branch = "master"
  digest = "1:2487a7d6c9623edd9d79edada3a1e5c14b076e540ce0266321827cdd3a4837bd"
  name = "github.com/nlopes/slack"
  packages = ["slackutilsx"]
  pruneopts = "UT"
  revision = "38ac5e8c495bc1d4d299c6a14930376f32145eb8"

[[projects]]
  digest = "1:40e195917a951a8bf867cd05de2a46aaf1806c50cf92eebf4c16f78cd196f747"
  name = "github.com/pkg/errors"
  packages = ["."]
  pruneopts = "UT"
  revision = "645ef00459ed84a119197bfb8d8205042c6df63d"
  version = "v0.8.0"

[[projects]]
  branch = "dialog-validation-error"
  digest = "1:05be6687830482af0f88fd65ed6b2310e625857cfe08cbfee44db504fe1229cd"
  name = "github.com/shiimaxx/slack"
  packages = ["."]
  pruneopts = "UT"
  revision = "0d1c90b34ad1f6ca3e95ed82177a9ada0df63c3e"

[solve-meta]
  analyzer-name = "dep"
  analyzer-version = 1
  input-imports = [
    "github.com/pkg/errors",
    "github.com/shiimaxx/slack",
  ]
  solver-name = "gps-cdcl"
  solver-version = 1
